{
  "name": "pdfme_issue",
  "version": "1.0.0",
  "lockfileVersion": 1,
  "requires": true,
  "dependencies": {
    "@pdf-lib/fontkit": {
      "version": "1.1.1",
      "resolved": "https://registry.npmjs.org/@pdf-lib/fontkit/-/fontkit-1.1.1.tgz",
      "integrity": "sha512-KjMd7grNapIWS/Dm0gvfHEilSyAmeLvrEGVcqLGi0VYebuqqzTbgF29efCx7tvx+IEbG3zQciRSWl3GkUSvjZg==",
      "requires": {
        "pako": "^1.0.6"
      }
    },
    "@pdf-lib/standard-fonts": {
      "version": "1.0.0",
      "resolved": "https://registry.npmjs.org/@pdf-lib/standard-fonts/-/standard-fonts-1.0.0.tgz",
      "integrity": "sha512-hU30BK9IUN/su0Mn9VdlVKsWBS6GyhVfqjwl1FjZN4TxP6cCw0jP2w7V3Hf5uX7M0AZJ16vey9yE0ny7Sa59ZA==",
      "requires": {
        "pako": "^1.0.6"
      }
    },
    "@pdf-lib/upng": {
      "version": "1.0.1",
      "resolved": "https://registry.npmjs.org/@pdf-lib/upng/-/upng-1.0.1.tgz",
      "integrity": "sha512-dQK2FUMQtowVP00mtIksrlZhdFXQZPC+taih1q4CvPZ5vqdxR/LKBaFg0oAfzd1GlHZXXSPdQfzQnt+ViGvEIQ==",
      "requires": {
        "pako": "^1.0.10"
      }
    },
    "@pdfme/common": {
      "version": "1.0.5",
      "resolved": "https://registry.npmjs.org/@pdfme/common/-/common-1.0.5.tgz",
      "integrity": "sha512-ZqE2WZAGgIE2brP+kZ0WQ7xDdkhVX9zAYD583Eu+fqfOziOJWLBlyVMMsb0s0s3x9G5lY9qXiwJ9HRLnMqPYLQ==",
      "requires": {
        "zod": "^3.11.6"
      }
    },
    "@pdfme/generator": {
      "version": "1.0.5",
      "resolved": "https://registry.npmjs.org/@pdfme/generator/-/generator-1.0.5.tgz",
      "integrity": "sha512-yMLL4qKaewWh+jjhsXqenED0lX/lG4aRiNh2KGHNTlkoXGDLSaMBtdWQITPga/cUfBqiGuTkyFXmm9GNBsgQOQ==",
      "requires": {
        "@pdf-lib/fontkit": "^1.1.1",
        "@pdfme/common": "^1.0.0",
        "bwip-js": "^2.1.3",
        "pdf-lib": "^1.17.1"
      }
    },
    "bwip-js": {
      "version": "2.1.3",
      "resolved": "https://registry.npmjs.org/bwip-js/-/bwip-js-2.1.3.tgz",
      "integrity": "sha512-1Jf5eB+o6AzpwkHZPj63+/kGesLH30XLL0EC2PUrX+d0+4kMwCYMeqCuytlG318S/lcw27a2JOnZ9I8RO83Krg=="
    },
    "pako": {
      "version": "1.0.11",
      "resolved": "https://registry.npmjs.org/pako/-/pako-1.0.11.tgz",
      "integrity": "sha512-4hLB8Py4zZce5s4yd9XzopqwVv/yGNhV1Bl8NTmCq1763HeK2+EwVTv+leGeL13Dnh2wfbqowVPXCIO0z4taYw=="
    },
    "pdf-lib": {
      "version": "1.17.1",
      "resolved": "https://registry.npmjs.org/pdf-lib/-/pdf-lib-1.17.1.tgz",
      "integrity": "sha512-V/mpyJAoTsN4cnP31vc0wfNA1+p20evqqnap0KLoRUN0Yk/p3wN52DOEsL4oBFcLdb76hlpKPtzJIgo67j/XLw==",
      "requires": {
        "@pdf-lib/standard-fonts": "^1.0.0",
        "@pdf-lib/upng": "^1.0.1",
        "pako": "^1.0.11",
        "tslib": "^1.11.1"
      }
    },
    "tslib": {
      "version": "1.14.1",
      "resolved": "https://registry.npmjs.org/tslib/-/tslib-1.14.1.tgz",
      "integrity": "sha512-Xni35NKzjgMrwevysHTCArtLDpPvye8zV/0E4EyYn43P7/7qvQwPh9BGkHewbMulVntbigmcT7rdX3BNo9wRJg=="
    },
    "zod": {
      "version": "3.14.4",
      "resolved": "https://registry.npmjs.org/zod/-/zod-3.14.4.tgz",
      "integrity": "sha512-U9BFLb2GO34Sfo9IUYp0w3wJLlmcyGoMd75qU9yf+DrdGA4kEx6e+l9KOkAlyUO0PSQzZCa3TR4qVlcmwqSDuw=="
    }
  }
}
